
Microsoft Visual Studio Solution File, Format Version 12.00
# Visual Studio 14
VisualStudioVersion = 14.0.25123.0
MinimumVisualStudioVersion = 10.0.40219.1
Project("{FAE04EC0-301F-11D3-BF4B-00C04F79EFBC}") = "WebApp", "WebApp\WebApp.csproj", "{8C45157E-5F75-4927-9E9B-A3AAF594AE2A}"
EndProject
Project("{FAE04EC0-301F-11D3-BF4B-00C04F79EFBC}") = "Infraestrutura", "Infraestrutura\Infraestrutura.csproj", "{4234A1C1-8C84-4CF1-841B-95021FE0E829}"
EndProject
Project("{FAE04EC0-301F-11D3-BF4B-00C04F79EFBC}") = "Core", "Core\Core.csproj", "{DF6BDA6A-C79B-4BD3-A852-811D79E75387}"
EndProject
Global
	GlobalSection(SolutionConfigurationPlatforms) = preSolution
		Debug|Any CPU = Debug|Any CPU
		Release|Any CPU = Release|Any CPU
	EndGlobalSection
	GlobalSection(ProjectConfigurationPlatforms) = postSolution
		{8C45157E-5F75-4927-9E9B-A3AAF594AE2A}.Debug|Any CPU.ActiveCfg = Debug|Any CPU
		{8C45157E-5F75-4927-9E9B-A3AAF594AE2A}.Debug|Any CPU.Build.0 = Debug|Any CPU
		{8C45157E-5F75-4927-9E9B-A3AAF594AE2A}.Release|Any CPU.ActiveCfg = Release|Any CPU
		{8C45157E-5F75-4927-9E9B-A3AAF594AE2A}.Release|Any CPU.Build.0 = Release|Any CPU
		{4234A1C1-8C84-4CF1-841B-95021FE0E829}.Debug|Any CPU.ActiveCfg = Debug|Any CPU
		{4234A1C1-8C84-4CF1-841B-95021FE0E829}.Debug|Any CPU.Build.0 = Debug|Any CPU
		{4234A1C1-8C84-4CF1-841B-95021FE0E829}.Release|Any CPU.ActiveCfg = Release|Any CPU
		{4234A1C1-8C84-4CF1-841B-95021FE0E829}.Release|Any CPU.Build.0 = Release|Any CPU
		{DF6BDA6A-C79B-4BD3-A852-811D79E75387}.Debug|Any CPU.ActiveCfg = Debug|Any CPU
		{DF6BDA6A-C79B-4BD3-A852-811D79E75387}.Debug|Any CPU.Build.0 = Debug|Any CPU
		{DF6BDA6A-C79B-4BD3-A852-811D79E75387}.Release|Any CPU.ActiveCfg = Release|Any CPU
		{DF6BDA6A-C79B-4BD3-A852-811D79E75387}.Release|Any CPU.Build.0 = Release|Any CPU
	EndGlobalSection
	GlobalSection(SolutionProperties) = preSolution
		HideSolutionNode = FALSE
	EndGlobalSection
	GlobalSection(TeamFoundationVersionControl) = preSolution
		SccNumberOfProjects = 4
		SccEnterpriseProvider = {4CA58AB2-18FA-4F8D-95D4-32DDF27D184C}
		SccTeamFoundationServer = https://tmaia.visualstudio.com/
		SccLocalPath0 = .
		SccProjectUniqueName1 = WebApp\\WebApp.csproj
		SccProjectName1 = WebApp
		SccLocalPath1 = WebApp
		SccProjectUniqueName2 = Infraestrutura\\Infraestrutura.csproj
		SccProjectName2 = Infraestrutura
		SccLocalPath2 = Infraestrutura
		SccProjectUniqueName3 = Core\\Core.csproj
		SccProjectName3 = Core
		SccLocalPath3 = Core
	EndGlobalSection
EndGlobal
